
Microsoft Visual Studio Solution File, Format Version 12.00
# Visual Studio Version 17
VisualStudioVersion = 17.9.34728.123
MinimumVisualStudioVersion = 10.0.40219.1
Project("{2150E333-8FDC-42A3-9474-1A3956D46DE8}") = "Solution Items", "Solution Items", "{8EC786A2-9529-4ED2-8AF9-D431D9941AA9}"
	ProjectSection(SolutionItems) = preProject
		Note.txt = Note.txt
	EndProjectSection
EndProject
Project("{FAE04EC0-301F-11D3-BF4B-00C04F79EFBC}") = "GrpcServer", "GrpcServer\GrpcServer.csproj", "{8EBADFEC-DB36-4266-862A-196E5310342B}"
EndProject
Project("{FAE04EC0-301F-11D3-BF4B-00C04F79EFBC}") = "GrpcClient", "GrpcClient\GrpcClient.csproj", "{296AD09F-70C6-4D2E-B8C6-BA0C8879F135}"
EndProject
Project("{FAE04EC0-301F-11D3-BF4B-00C04F79EFBC}") = "WindowsService", "WindowsService\WindowsService.csproj", "{546EF4FD-472D-41B6-8A2D-EF9E9C25126C}"
EndProject
Project("{FAE04EC0-301F-11D3-BF4B-00C04F79EFBC}") = "DI", "DI\DI.csproj", "{82EDD4FD-81A0-4EC8-AB03-B5426B72C697}"
EndProject
Global
	GlobalSection(SolutionConfigurationPlatforms) = preSolution
		Debug|Any CPU = Debug|Any CPU
		Release|Any CPU = Release|Any CPU
	EndGlobalSection
	GlobalSection(ProjectConfigurationPlatforms) = postSolution
		{8EBADFEC-DB36-4266-862A-196E5310342B}.Debug|Any CPU.ActiveCfg = Debug|Any CPU
		{8EBADFEC-DB36-4266-862A-196E5310342B}.Debug|Any CPU.Build.0 = Debug|Any CPU
		{8EBADFEC-DB36-4266-862A-196E5310342B}.Release|Any CPU.ActiveCfg = Release|Any CPU
		{8EBADFEC-DB36-4266-862A-196E5310342B}.Release|Any CPU.Build.0 = Release|Any CPU
		{296AD09F-70C6-4D2E-B8C6-BA0C8879F135}.Debug|Any CPU.ActiveCfg = Debug|Any CPU
		{296AD09F-70C6-4D2E-B8C6-BA0C8879F135}.Debug|Any CPU.Build.0 = Debug|Any CPU
		{296AD09F-70C6-4D2E-B8C6-BA0C8879F135}.Release|Any CPU.ActiveCfg = Release|Any CPU
		{296AD09F-70C6-4D2E-B8C6-BA0C8879F135}.Release|Any CPU.Build.0 = Release|Any CPU
		{546EF4FD-472D-41B6-8A2D-EF9E9C25126C}.Debug|Any CPU.ActiveCfg = Debug|Any CPU
		{546EF4FD-472D-41B6-8A2D-EF9E9C25126C}.Debug|Any CPU.Build.0 = Debug|Any CPU
		{546EF4FD-472D-41B6-8A2D-EF9E9C25126C}.Release|Any CPU.ActiveCfg = Release|Any CPU
		{546EF4FD-472D-41B6-8A2D-EF9E9C25126C}.Release|Any CPU.Build.0 = Release|Any CPU
		{82EDD4FD-81A0-4EC8-AB03-B5426B72C697}.Debug|Any CPU.ActiveCfg = Debug|Any CPU
		{82EDD4FD-81A0-4EC8-AB03-B5426B72C697}.Debug|Any CPU.Build.0 = Debug|Any CPU
		{82EDD4FD-81A0-4EC8-AB03-B5426B72C697}.Release|Any CPU.ActiveCfg = Release|Any CPU
		{82EDD4FD-81A0-4EC8-AB03-B5426B72C697}.Release|Any CPU.Build.0 = Release|Any CPU
	EndGlobalSection
	GlobalSection(SolutionProperties) = preSolution
		HideSolutionNode = FALSE
	EndGlobalSection
	GlobalSection(ExtensibilityGlobals) = postSolution
		SolutionGuid = {40C321D7-9B83-4F9F-B728-29A75D8915AF}
	EndGlobalSection
EndGlobal
